
Microsoft Visual Studio Solution File, Format Version 12.00
# Visual Studio Version 16
VisualStudioVersion = 16.0.30523.141
MinimumVisualStudioVersion = 10.0.40219.1
Project("{FAE04EC0-301F-11D3-BF4B-00C04F79EFBC}") = "CardGenerator.Api", "CardGenerator.Api.csproj", "{16C99F72-EB16-4C13-AFB5-2CF664D3978D}"
EndProject
Project("{FAE04EC0-301F-11D3-BF4B-00C04F79EFBC}") = "CardGenerator.Core", "..\CardGenerator.Core\CardGenerator.Core.csproj", "{198C00BD-BDC5-400E-A2C8-F765E5D08D25}"
EndProject
Project("{FAE04EC0-301F-11D3-BF4B-00C04F79EFBC}") = "CardGenerator.Infrastructure", "..\CardGenerator.Infrastructure\CardGenerator.Infrastructure.csproj", "{D55DE6FD-DC82-4656-832D-DE9E0B2353CF}"
EndProject
Project("{2150E333-8FDC-42A3-9474-1A3956D46DE8}") = "Tests", "Tests", "{34493841-7154-47C0-85E1-C7DF41B45FE1}"
EndProject
Project("{FAE04EC0-301F-11D3-BF4B-00C04F79EFBC}") = "CardGenerator.UnitTests", "..\CardGenerator.UnitTests\CardGenerator.UnitTests.csproj", "{C53B658A-C166-4D9E-B24D-699095329444}"
EndProject
Project("{FAE04EC0-301F-11D3-BF4B-00C04F79EFBC}") = "CardGenerator.IntegrationTests", "..\CardGenerator.IntegrationTests\CardGenerator.IntegrationTests.csproj", "{F858AF5A-DDE2-4B7E-A9D5-E9FE5450535D}"
EndProject
Global
	GlobalSection(SolutionConfigurationPlatforms) = preSolution
		Debug|Any CPU = Debug|Any CPU
		Release|Any CPU = Release|Any CPU
	EndGlobalSection
	GlobalSection(ProjectConfigurationPlatforms) = postSolution
		{16C99F72-EB16-4C13-AFB5-2CF664D3978D}.Debug|Any CPU.ActiveCfg = Debug|Any CPU
		{16C99F72-EB16-4C13-AFB5-2CF664D3978D}.Debug|Any CPU.Build.0 = Debug|Any CPU
		{16C99F72-EB16-4C13-AFB5-2CF664D3978D}.Release|Any CPU.ActiveCfg = Release|Any CPU
		{16C99F72-EB16-4C13-AFB5-2CF664D3978D}.Release|Any CPU.Build.0 = Release|Any CPU
		{198C00BD-BDC5-400E-A2C8-F765E5D08D25}.Debug|Any CPU.ActiveCfg = Debug|Any CPU
		{198C00BD-BDC5-400E-A2C8-F765E5D08D25}.Debug|Any CPU.Build.0 = Debug|Any CPU
		{198C00BD-BDC5-400E-A2C8-F765E5D08D25}.Release|Any CPU.ActiveCfg = Release|Any CPU
		{198C00BD-BDC5-400E-A2C8-F765E5D08D25}.Release|Any CPU.Build.0 = Release|Any CPU
		{D55DE6FD-DC82-4656-832D-DE9E0B2353CF}.Debug|Any CPU.ActiveCfg = Debug|Any CPU
		{D55DE6FD-DC82-4656-832D-DE9E0B2353CF}.Debug|Any CPU.Build.0 = Debug|Any CPU
		{D55DE6FD-DC82-4656-832D-DE9E0B2353CF}.Release|Any CPU.ActiveCfg = Release|Any CPU
		{D55DE6FD-DC82-4656-832D-DE9E0B2353CF}.Release|Any CPU.Build.0 = Release|Any CPU
		{C53B658A-C166-4D9E-B24D-699095329444}.Debug|Any CPU.ActiveCfg = Debug|Any CPU
		{C53B658A-C166-4D9E-B24D-699095329444}.Debug|Any CPU.Build.0 = Debug|Any CPU
		{C53B658A-C166-4D9E-B24D-699095329444}.Release|Any CPU.ActiveCfg = Release|Any CPU
		{C53B658A-C166-4D9E-B24D-699095329444}.Release|Any CPU.Build.0 = Release|Any CPU
		{F858AF5A-DDE2-4B7E-A9D5-E9FE5450535D}.Debug|Any CPU.ActiveCfg = Debug|Any CPU
		{F858AF5A-DDE2-4B7E-A9D5-E9FE5450535D}.Debug|Any CPU.Build.0 = Debug|Any CPU
		{F858AF5A-DDE2-4B7E-A9D5-E9FE5450535D}.Release|Any CPU.ActiveCfg = Release|Any CPU
		{F858AF5A-DDE2-4B7E-A9D5-E9FE5450535D}.Release|Any CPU.Build.0 = Release|Any CPU
	EndGlobalSection
	GlobalSection(SolutionProperties) = preSolution
		HideSolutionNode = FALSE
	EndGlobalSection
	GlobalSection(NestedProjects) = preSolution
		{C53B658A-C166-4D9E-B24D-699095329444} = {34493841-7154-47C0-85E1-C7DF41B45FE1}
		{F858AF5A-DDE2-4B7E-A9D5-E9FE5450535D} = {34493841-7154-47C0-85E1-C7DF41B45FE1}
	EndGlobalSection
	GlobalSection(ExtensibilityGlobals) = postSolution
		SolutionGuid = {42C18FDE-A529-4938-AD4D-5409AFCF765D}
	EndGlobalSection
EndGlobal
